
Microsoft Visual Studio Solution File, Format Version 12.00
# TcXaeShell Solution File, Format Version 11.00
VisualStudioVersion = 15.0.34829.251
MinimumVisualStudioVersion = 10.0.40219.1
Project("{B1E792BE-AA5F-4E3C-8C82-674BF9C0715B}") = "NinjaTest", "NinjaTest\NinjaTest.tsproj", "{F0CAB662-E664-4954-B4BF-4DE16A1479EC}"
EndProject
Global
	GlobalSection(SolutionConfigurationPlatforms) = preSolution
		Debug|TwinCAT OS (ARMV7-A) = Debug|TwinCAT OS (ARMV7-A)
		Debug|TwinCAT OS (ARMV7-M) = Debug|TwinCAT OS (ARMV7-M)
		Debug|TwinCAT OS (ARMV8-A) = Debug|TwinCAT OS (ARMV8-A)
		Debug|TwinCAT OS (x64) = Debug|TwinCAT OS (x64)
		Debug|TwinCAT RT (x64) = Debug|TwinCAT RT (x64)
		Debug|TwinCAT RT (x86) = Debug|TwinCAT RT (x86)
		Release|TwinCAT OS (ARMV7-A) = Release|TwinCAT OS (ARMV7-A)
		Release|TwinCAT OS (ARMV7-M) = Release|TwinCAT OS (ARMV7-M)
		Release|TwinCAT OS (ARMV8-A) = Release|TwinCAT OS (ARMV8-A)
		Release|TwinCAT OS (x64) = Release|TwinCAT OS (x64)
		Release|TwinCAT RT (x64) = Release|TwinCAT RT (x64)
		Release|TwinCAT RT (x86) = Release|TwinCAT RT (x86)
	EndGlobalSection
	GlobalSection(ProjectConfigurationPlatforms) = postSolution
		{F0CAB662-E664-4954-B4BF-4DE16A1479EC}.Debug|TwinCAT OS (ARMV7-A).ActiveCfg = Debug|TwinCAT OS (ARMV7-A)
		{F0CAB662-E664-4954-B4BF-4DE16A1479EC}.Debug|TwinCAT OS (ARMV7-A).Build.0 = Debug|TwinCAT OS (ARMV7-A)
		{F0CAB662-E664-4954-B4BF-4DE16A1479EC}.Debug|TwinCAT OS (ARMV7-M).ActiveCfg = Debug|TwinCAT OS (ARMV7-M)
		{F0CAB662-E664-4954-B4BF-4DE16A1479EC}.Debug|TwinCAT OS (ARMV7-M).Build.0 = Debug|TwinCAT OS (ARMV7-M)
		{F0CAB662-E664-4954-B4BF-4DE16A1479EC}.Debug|TwinCAT OS (ARMV8-A).ActiveCfg = Debug|TwinCAT OS (ARMV8-A)
		{F0CAB662-E664-4954-B4BF-4DE16A1479EC}.Debug|TwinCAT OS (ARMV8-A).Build.0 = Debug|TwinCAT OS (ARMV8-A)
		{F0CAB662-E664-4954-B4BF-4DE16A1479EC}.Debug|TwinCAT OS (x64).ActiveCfg = Debug|TwinCAT OS (x64)
		{F0CAB662-E664-4954-B4BF-4DE16A1479EC}.Debug|TwinCAT OS (x64).Build.0 = Debug|TwinCAT OS (x64)
		{F0CAB662-E664-4954-B4BF-4DE16A1479EC}.Debug|TwinCAT RT (x64).ActiveCfg = Debug|TwinCAT RT (x64)
		{F0CAB662-E664-4954-B4BF-4DE16A1479EC}.Debug|TwinCAT RT (x64).Build.0 = Debug|TwinCAT RT (x64)
		{F0CAB662-E664-4954-B4BF-4DE16A1479EC}.Debug|TwinCAT RT (x86).ActiveCfg = Debug|TwinCAT RT (x86)
		{F0CAB662-E664-4954-B4BF-4DE16A1479EC}.Debug|TwinCAT RT (x86).Build.0 = Debug|TwinCAT RT (x86)
		{F0CAB662-E664-4954-B4BF-4DE16A1479EC}.Release|TwinCAT OS (ARMV7-A).ActiveCfg = Release|TwinCAT OS (ARMV7-A)
		{F0CAB662-E664-4954-B4BF-4DE16A1479EC}.Release|TwinCAT OS (ARMV7-A).Build.0 = Release|TwinCAT OS (ARMV7-A)
		{F0CAB662-E664-4954-B4BF-4DE16A1479EC}.Release|TwinCAT OS (ARMV7-M).ActiveCfg = Release|TwinCAT OS (ARMV7-M)
		{F0CAB662-E664-4954-B4BF-4DE16A1479EC}.Release|TwinCAT OS (ARMV7-M).Build.0 = Release|TwinCAT OS (ARMV7-M)
		{F0CAB662-E664-4954-B4BF-4DE16A1479EC}.Release|TwinCAT OS (ARMV8-A).ActiveCfg = Release|TwinCAT OS (ARMV8-A)
		{F0CAB662-E664-4954-B4BF-4DE16A1479EC}.Release|TwinCAT OS (ARMV8-A).Build.0 = Release|TwinCAT OS (ARMV8-A)
		{F0CAB662-E664-4954-B4BF-4DE16A1479EC}.Release|TwinCAT OS (x64).ActiveCfg = Release|TwinCAT OS (x64)
		{F0CAB662-E664-4954-B4BF-4DE16A1479EC}.Release|TwinCAT OS (x64).Build.0 = Release|TwinCAT OS (x64)
		{F0CAB662-E664-4954-B4BF-4DE16A1479EC}.Release|TwinCAT RT (x64).ActiveCfg = Release|TwinCAT RT (x64)
		{F0CAB662-E664-4954-B4BF-4DE16A1479EC}.Release|TwinCAT RT (x64).Build.0 = Release|TwinCAT RT (x64)
		{F0CAB662-E664-4954-B4BF-4DE16A1479EC}.Release|TwinCAT RT (x86).ActiveCfg = Release|TwinCAT RT (x86)
		{F0CAB662-E664-4954-B4BF-4DE16A1479EC}.Release|TwinCAT RT (x86).Build.0 = Release|TwinCAT RT (x86)
		{33B6FA37-8CE7-4773-97DD-EE035C3BC810}.Debug|TwinCAT OS (ARMV7-A).ActiveCfg = Debug|TwinCAT OS (ARMV7-A)
		{33B6FA37-8CE7-4773-97DD-EE035C3BC810}.Debug|TwinCAT OS (ARMV7-A).Build.0 = Debug|TwinCAT OS (ARMV7-A)
		{33B6FA37-8CE7-4773-97DD-EE035C3BC810}.Debug|TwinCAT OS (ARMV7-M).ActiveCfg = Debug|TwinCAT OS (ARMV7-M)
		{33B6FA37-8CE7-4773-97DD-EE035C3BC810}.Debug|TwinCAT OS (ARMV7-M).Build.0 = Debug|TwinCAT OS (ARMV7-M)
		{33B6FA37-8CE7-4773-97DD-EE035C3BC810}.Debug|TwinCAT OS (ARMV8-A).ActiveCfg = Debug|TwinCAT OS (ARMV8-A)
		{33B6FA37-8CE7-4773-97DD-EE035C3BC810}.Debug|TwinCAT OS (ARMV8-A).Build.0 = Debug|TwinCAT OS (ARMV8-A)
		{33B6FA37-8CE7-4773-97DD-EE035C3BC810}.Debug|TwinCAT OS (x64).ActiveCfg = Debug|TwinCAT OS (x64)
		{33B6FA37-8CE7-4773-97DD-EE035C3BC810}.Debug|TwinCAT OS (x64).Build.0 = Debug|TwinCAT OS (x64)
		{33B6FA37-8CE7-4773-97DD-EE035C3BC810}.Debug|TwinCAT RT (x64).ActiveCfg = Debug|TwinCAT RT (x64)
		{33B6FA37-8CE7-4773-97DD-EE035C3BC810}.Debug|TwinCAT RT (x64).Build.0 = Debug|TwinCAT RT (x64)
		{33B6FA37-8CE7-4773-97DD-EE035C3BC810}.Debug|TwinCAT RT (x86).ActiveCfg = Debug|TwinCAT RT (x86)
		{33B6FA37-8CE7-4773-97DD-EE035C3BC810}.Debug|TwinCAT RT (x86).Build.0 = Debug|TwinCAT RT (x86)
		{33B6FA37-8CE7-4773-97DD-EE035C3BC810}.Release|TwinCAT OS (ARMV7-A).ActiveCfg = Release|TwinCAT OS (ARMV7-A)
		{33B6FA37-8CE7-4773-97DD-EE035C3BC810}.Release|TwinCAT OS (ARMV7-A).Build.0 = Release|TwinCAT OS (ARMV7-A)
		{33B6FA37-8CE7-4773-97DD-EE035C3BC810}.Release|TwinCAT OS (ARMV7-M).ActiveCfg = Release|TwinCAT OS (ARMV7-M)
		{33B6FA37-8CE7-4773-97DD-EE035C3BC810}.Release|TwinCAT OS (ARMV7-M).Build.0 = Release|TwinCAT OS (ARMV7-M)
		{33B6FA37-8CE7-4773-97DD-EE035C3BC810}.Release|TwinCAT OS (ARMV8-A).ActiveCfg = Release|TwinCAT OS (ARMV8-A)
		{33B6FA37-8CE7-4773-97DD-EE035C3BC810}.Release|TwinCAT OS (ARMV8-A).Build.0 = Release|TwinCAT OS (ARMV8-A)
		{33B6FA37-8CE7-4773-97DD-EE035C3BC810}.Release|TwinCAT OS (x64).ActiveCfg = Release|TwinCAT OS (x64)
		{33B6FA37-8CE7-4773-97DD-EE035C3BC810}.Release|TwinCAT OS (x64).Build.0 = Release|TwinCAT OS (x64)
		{33B6FA37-8CE7-4773-97DD-EE035C3BC810}.Release|TwinCAT RT (x64).ActiveCfg = Release|TwinCAT RT (x64)
		{33B6FA37-8CE7-4773-97DD-EE035C3BC810}.Release|TwinCAT RT (x64).Build.0 = Release|TwinCAT RT (x64)
		{33B6FA37-8CE7-4773-97DD-EE035C3BC810}.Release|TwinCAT RT (x86).ActiveCfg = Release|TwinCAT RT (x86)
		{33B6FA37-8CE7-4773-97DD-EE035C3BC810}.Release|TwinCAT RT (x86).Build.0 = Release|TwinCAT RT (x86)
	EndGlobalSection
	GlobalSection(SolutionProperties) = preSolution
		HideSolutionNode = FALSE
	EndGlobalSection
	GlobalSection(ExtensibilityGlobals) = postSolution
		SolutionGuid = {50E8C6CD-94E0-4DBB-8973-11FFE93BBDFA}
	EndGlobalSection
EndGlobal
